
Microsoft Visual Studio Solution File, Format Version 12.00
# Visual Studio Version 16
VisualStudioVersion = 16.0.31515.178
MinimumVisualStudioVersion = 10.0.40219.1
Project("{FAE04EC0-301F-11D3-BF4B-00C04F79EFBC}") = "QandA", "QandA\QandA.csproj", "{D09F1CFC-5FF2-40ED-B7B6-2FD7EFF68E91}"
EndProject
Global
	GlobalSection(SolutionConfigurationPlatforms) = preSolution
		Debug|Any CPU = Debug|Any CPU
		Release|Any CPU = Release|Any CPU
	EndGlobalSection
	GlobalSection(ProjectConfigurationPlatforms) = postSolution
		{D09F1CFC-5FF2-40ED-B7B6-2FD7EFF68E91}.Debug|Any CPU.ActiveCfg = Debug|Any CPU
		{D09F1CFC-5FF2-40ED-B7B6-2FD7EFF68E91}.Debug|Any CPU.Build.0 = Debug|Any CPU
		{D09F1CFC-5FF2-40ED-B7B6-2FD7EFF68E91}.Release|Any CPU.ActiveCfg = Release|Any CPU
		{D09F1CFC-5FF2-40ED-B7B6-2FD7EFF68E91}.Release|Any CPU.Build.0 = Release|Any CPU
	EndGlobalSection
	GlobalSection(SolutionProperties) = preSolution
		HideSolutionNode = FALSE
	EndGlobalSection
	GlobalSection(ExtensibilityGlobals) = postSolution
		SolutionGuid = {28E6A245-4DC2-49A0-9030-6EF999645BD3}
	EndGlobalSection
EndGlobal
